
Microsoft Visual Studio Solution File, Format Version 12.00
# Visual Studio Version 17
VisualStudioVersion = 17.2.32630.192
MinimumVisualStudioVersion = 10.0.40219.1
Project("{FAE04EC0-301F-11D3-BF4B-00C04F79EFBC}") = "Figure", "Figure.csproj", "{62F75183-9B35-436C-B568-C44921D39773}"
EndProject
Global
	GlobalSection(SolutionConfigurationPlatforms) = preSolution
		Debug|Any CPU = Debug|Any CPU
		Release|Any CPU = Release|Any CPU
	EndGlobalSection
	GlobalSection(ProjectConfigurationPlatforms) = postSolution
		{62F75183-9B35-436C-B568-C44921D39773}.Debug|Any CPU.ActiveCfg = Debug|Any CPU
		{62F75183-9B35-436C-B568-C44921D39773}.Debug|Any CPU.Build.0 = Debug|Any CPU
		{62F75183-9B35-436C-B568-C44921D39773}.Release|Any CPU.ActiveCfg = Release|Any CPU
		{62F75183-9B35-436C-B568-C44921D39773}.Release|Any CPU.Build.0 = Release|Any CPU
	EndGlobalSection
	GlobalSection(SolutionProperties) = preSolution
		HideSolutionNode = FALSE
	EndGlobalSection
	GlobalSection(ExtensibilityGlobals) = postSolution
		SolutionGuid = {4D789774-4EA4-4A34-A910-D5B36ACD6C69}
	EndGlobalSection
EndGlobal
